
Microsoft Visual Studio Solution File, Format Version 12.00
# Visual Studio Version 17
VisualStudioVersion = 17.2.32519.379
MinimumVisualStudioVersion = 10.0.40219.1
Project("{FAE04EC0-301F-11D3-BF4B-00C04F79EFBC}") = "ConsoleApp1", "ConsoleApp1\ConsoleApp1.csproj", "{4911FCE0-909E-4E6B-AF16-067CB3DAAA5D}"
EndProject
Global
	GlobalSection(SolutionConfigurationPlatforms) = preSolution
		Debug|Any CPU = Debug|Any CPU
		Release|Any CPU = Release|Any CPU
	EndGlobalSection
	GlobalSection(ProjectConfigurationPlatforms) = postSolution
		{4911FCE0-909E-4E6B-AF16-067CB3DAAA5D}.Debug|Any CPU.ActiveCfg = Debug|Any CPU
		{4911FCE0-909E-4E6B-AF16-067CB3DAAA5D}.Debug|Any CPU.Build.0 = Debug|Any CPU
		{4911FCE0-909E-4E6B-AF16-067CB3DAAA5D}.Release|Any CPU.ActiveCfg = Release|Any CPU
		{4911FCE0-909E-4E6B-AF16-067CB3DAAA5D}.Release|Any CPU.Build.0 = Release|Any CPU
	EndGlobalSection
	GlobalSection(SolutionProperties) = preSolution
		HideSolutionNode = FALSE
	EndGlobalSection
	GlobalSection(ExtensibilityGlobals) = postSolution
		SolutionGuid = {CD157ADA-BA3C-4DB8-8BAA-4F50893AAED6}
	EndGlobalSection
EndGlobal
